
Microsoft Visual Studio Solution File, Format Version 12.00
# Visual Studio 15
VisualStudioVersion = 15.0.27703.2047
MinimumVisualStudioVersion = 10.0.40219.1
Project("{FAE04EC0-301F-11D3-BF4B-00C04F79EFBC}") = "DataAnalysis", "DataAnalysis\DataAnalysis.csproj", "{1C2E1F73-0EC2-4CDF-9024-1EFCD4434008}"
EndProject
Global
	GlobalSection(SolutionConfigurationPlatforms) = preSolution
		Debug|Any CPU = Debug|Any CPU
		Release|Any CPU = Release|Any CPU
	EndGlobalSection
	GlobalSection(ProjectConfigurationPlatforms) = postSolution
		{1C2E1F73-0EC2-4CDF-9024-1EFCD4434008}.Debug|Any CPU.ActiveCfg = Debug|Any CPU
		{1C2E1F73-0EC2-4CDF-9024-1EFCD4434008}.Debug|Any CPU.Build.0 = Debug|Any CPU
		{1C2E1F73-0EC2-4CDF-9024-1EFCD4434008}.Release|Any CPU.ActiveCfg = Release|Any CPU
		{1C2E1F73-0EC2-4CDF-9024-1EFCD4434008}.Release|Any CPU.Build.0 = Release|Any CPU
	EndGlobalSection
	GlobalSection(SolutionProperties) = preSolution
		HideSolutionNode = FALSE
	EndGlobalSection
	GlobalSection(ExtensibilityGlobals) = postSolution
		SolutionGuid = {0D2CE913-7314-4D18-BA48-48B9282D7B62}
	EndGlobalSection
EndGlobal
